// !$*UTF8*$!
{
	archiveVersion = 1;
	classes = {
	};
	objectVersion = 46;
	objects = {

/* Begin PBXFileReference section */
		B1EFDA4E16E6C63100CB436E /* libglad.a */ = {isa = PBXFileReference; explicitFileType = archive.ar; includeInIndex = 0; path = libglad.a; sourceTree = BUILT_PRODUCTS_DIR; };
/* End PBXFileReference section */

/* Begin PBXFrameworksBuildPhase section */
		B1EFDA4B16E6C63000CB436E /* Frameworks */ = {
			isa = PBXFrameworksBuildPhase;
			buildActionMask = 2147483647;
			files = (
			);
			runOnlyForDeploymentPostprocessing = 0;
		};
/* End PBXFrameworksBuildPhase section */

/* Begin PBXGroup section */
		B1EFDA4516E6C63000CB436E = {
			isa = PBXGroup;
			children = (
				B1EFDA4F16E6C63100CB436E /* Products */,
			);
			sourceTree = "<group>";
		};
		B1EFDA4F16E6C63100CB436E /* Products */ = {
			isa = PBXGroup;
			children = (
				B1EFDA4E16E6C63100CB436E /* libglad.a */,
			);
			name = Products;
			sourceTree = "<group>";
		};
/* End PBXGroup section */

/* Begin PBXHeadersBuildPhase section */
		B1EFDA4C16E6C63000CB436E /* Headers */ = {
			isa = PBXHeadersBuildPhase;
			buildActionMask = 2147483647;
			files = (
			);
			runOnlyForDeploymentPostprocessing = 0;
		};
/* End PBXHeadersBuildPhase section */

/* Begin PBXNativeTarget section */
		B1EFDA4D16E6C63000CB436E /* glad */ = {
			isa = PBXNativeTarget;
			buildConfigurationList = B1EFDA5216E6C63100CB436E /* Build configuration list for PBXNativeTarget "glad" */;
			buildPhases = (
				B1EFDA4A16E6C63000CB436E /* Sources */,
				B1EFDA4B16E6C63000CB436E /* Frameworks */,
				B1EFDA4C16E6C63000CB436E /* Headers */,
			);
			buildRules = (
			);
			dependencies = (
			);
			name = glad;
			productName = glad;
			productReference = B1EFDA4E16E6C63100CB436E /* libglad.a */;
			productType = "com.apple.product-type.library.static";
		};
/* End PBXNativeTarget section */

/* Begin PBXProject section */
		B1EFDA4616E6C63000CB436E /* Project object */ = {
			isa = PBXProject;
			attributes = {
				LastUpgradeCheck = 0460;
				ORGANIZATIONNAME = "Tiago Rezende";
			};
			buildConfigurationList = B1EFDA4916E6C63000CB436E /* Build configuration list for PBXProject "glad" */;
			compatibilityVersion = "Xcode 3.2";
			developmentRegion = English;
			hasScannedForEncodings = 0;
			knownRegions = (
				en,
			);
			mainGroup = B1EFDA4516E6C63000CB436E;
			productRefGroup = B1EFDA4F16E6C63100CB436E /* Products */;
			projectDirPath = "";
			projectRoot = "";
			targets = (
				B1EFDA4D16E6C63000CB436E /* glad */,
			);
		};
/* End PBXProject section */

/* Begin PBXSourcesBuildPhase section */
		B1EFDA4A16E6C63000CB436E /* Sources */ = {
			isa = PBXSourcesBuildPhase;
			buildActionMask = 2147483647;
			files = (
			);
			runOnlyForDeploymentPostprocessing = 0;
		};
/* End PBXSourcesBuildPhase section */

/* Begin XCBuildConfiguration section */
		B1EFDA5016E6C63100CB436E /* Debug */ = {
			isa = XCBuildConfiguration;
			buildSettings = {
				ALWAYS_SEARCH_USER_PATHS = NO;
				ARCHS = "$(ARCHS_STANDARD_64_BIT)";
				CLANG_CXX_LANGUAGE_STANDARD = "gnu++0x";
				CLANG_CXX_LIBRARY = "libc++";
				CLANG_WARN_CONSTANT_CONVERSION = YES;
				CLANG_WARN_EMPTY_BODY = YES;
				CLANG_WARN_ENUM_CONVERSION = YES;
				CLANG_WARN_INT_CONVERSION = YES;
				CLANG_WARN__DUPLICATE_METHOD_MATCH = YES;
				COPY_PHASE_STRIP = NO;
				GCC_C_LANGUAGE_STANDARD = gnu99;
				GCC_DYNAMIC_NO_PIC = NO;
				GCC_ENABLE_OBJC_EXCEPTIONS = YES;
				GCC_OPTIMIZATION_LEVEL = 0;
				GCC_PREPROCESSOR_DEFINITIONS = (
					"DEBUG=1",
					"$(inherited)",
				);
				GCC_SYMBOLS_PRIVATE_EXTERN = NO;
				GCC_WARN_64_TO_32_BIT_CONVERSION = YES;
				GCC_WARN_ABOUT_RETURN_TYPE = YES;
				GCC_WARN_UNINITIALIZED_AUTOS = YES;
				GCC_WARN_UNUSED_VARIABLE = YES;
				MACOSX_DEPLOYMENT_TARGET = 10.8;
				ONLY_ACTIVE_ARCH = YES;
				SDKROOT = macosx;
			};
			name = Debug;
		};
		B1EFDA5116E6C63100CB436E /* Release */ = {
			isa = XCBuildConfiguration;
			buildSettings = {
				ALWAYS_SEARCH_USER_PATHS = NO;
				ARCHS = "$(ARCHS_STANDARD_64_BIT)";
				CLANG_CXX_LANGUAGE_STANDARD = "gnu++0x";
				CLANG_CXX_LIBRARY = "libc++";
				CLANG_WARN_CONSTANT_CONVERSION = YES;
				CLANG_WARN_EMPTY_BODY = YES;
				CLANG_WARN_ENUM_CONVERSION = YES;
				CLANG_WARN_INT_CONVERSION = YES;
				CLANG_WARN__DUPLICATE_METHOD_MATCH = YES;
				COPY_PHASE_STRIP = YES;
				DEBUG_INFORMATION_FORMAT = "dwarf-with-dsym";
				GCC_C_LANGUAGE_STANDARD = gnu99;
				GCC_ENABLE_OBJC_EXCEPTIONS = YES;
				GCC_WARN_64_TO_32_BIT_CONVERSION = YES;
				GCC_WARN_ABOUT_RETURN_TYPE = YES;
				GCC_WARN_UNINITIALIZED_AUTOS = YES;
				GCC_WARN_UNUSED_VARIABLE = YES;
				MACOSX_DEPLOYMENT_TARGET = 10.8;
				SDKROOT = macosx;
			};
			name = Release;
		};
		B1EFDA5316E6C63100CB436E /* Debug */ = {
			isa = XCBuildConfiguration;
			buildSettings = {
				EXECUTABLE_PREFIX = lib;
				PRODUCT_NAME = "$(TARGET_NAME)";
			};
			name = Debug;
		};
		B1EFDA5416E6C63100CB436E /* Release */ = {
			isa = XCBuildConfiguration;
			buildSettings = {
				EXECUTABLE_PREFIX = lib;
				PRODUCT_NAME = "$(TARGET_NAME)";
			};
			name = Release;
		};
/* End XCBuildConfiguration section */

/* Begin XCConfigurationList section */
		B1EFDA4916E6C63000CB436E /* Build configuration list for PBXProject "glad" */ = {
			isa = XCConfigurationList;
			buildConfigurations = (
				B1EFDA5016E6C63100CB436E /* Debug */,
				B1EFDA5116E6C63100CB436E /* Release */,
			);
			defaultConfigurationIsVisible = 0;
			defaultConfigurationName = Release;
		};
		B1EFDA5216E6C63100CB436E /* Build configuration list for PBXNativeTarget "glad" */ = {
			isa = XCConfigurationList;
			buildConfigurations = (
				B1EFDA5316E6C63100CB436E /* Debug */,
				B1EFDA5416E6C63100CB436E /* Release */,
			);
			defaultConfigurationIsVisible = 0;
		};
/* End XCConfigurationList section */
	};
	rootObject = B1EFDA4616E6C63000CB436E /* Project object */;
}
